
Microsoft Visual Studio Solution File, Format Version 12.00
# Visual Studio 15
VisualStudioVersion = 15.0.27428.2015
MinimumVisualStudioVersion = 10.0.40219.1
Project("{FAE04EC0-301F-11D3-BF4B-00C04F79EFBC}") = "Muyer", "Muyer\Muyer.csproj", "{CC15E47C-23BB-4511-A093-373FB40283AA}"
EndProject
Global
	GlobalSection(SolutionConfigurationPlatforms) = preSolution
		Debug|ARM = Debug|ARM
		Debug|x64 = Debug|x64
		Debug|x86 = Debug|x86
		Release|ARM = Release|ARM
		Release|x64 = Release|x64
		Release|x86 = Release|x86
	EndGlobalSection
	GlobalSection(ProjectConfigurationPlatforms) = postSolution
		{CC15E47C-23BB-4511-A093-373FB40283AA}.Debug|ARM.ActiveCfg = Debug|ARM
		{CC15E47C-23BB-4511-A093-373FB40283AA}.Debug|ARM.Build.0 = Debug|ARM
		{CC15E47C-23BB-4511-A093-373FB40283AA}.Debug|ARM.Deploy.0 = Debug|ARM
		{CC15E47C-23BB-4511-A093-373FB40283AA}.Debug|x64.ActiveCfg = Debug|x64
		{CC15E47C-23BB-4511-A093-373FB40283AA}.Debug|x64.Build.0 = Debug|x64
		{CC15E47C-23BB-4511-A093-373FB40283AA}.Debug|x64.Deploy.0 = Debug|x64
		{CC15E47C-23BB-4511-A093-373FB40283AA}.Debug|x86.ActiveCfg = Debug|x86
		{CC15E47C-23BB-4511-A093-373FB40283AA}.Debug|x86.Build.0 = Debug|x86
		{CC15E47C-23BB-4511-A093-373FB40283AA}.Debug|x86.Deploy.0 = Debug|x86
		{CC15E47C-23BB-4511-A093-373FB40283AA}.Release|ARM.ActiveCfg = Release|ARM
		{CC15E47C-23BB-4511-A093-373FB40283AA}.Release|ARM.Build.0 = Release|ARM
		{CC15E47C-23BB-4511-A093-373FB40283AA}.Release|ARM.Deploy.0 = Release|ARM
		{CC15E47C-23BB-4511-A093-373FB40283AA}.Release|x64.ActiveCfg = Release|x64
		{CC15E47C-23BB-4511-A093-373FB40283AA}.Release|x64.Build.0 = Release|x64
		{CC15E47C-23BB-4511-A093-373FB40283AA}.Release|x64.Deploy.0 = Release|x64
		{CC15E47C-23BB-4511-A093-373FB40283AA}.Release|x86.ActiveCfg = Release|x86
		{CC15E47C-23BB-4511-A093-373FB40283AA}.Release|x86.Build.0 = Release|x86
		{CC15E47C-23BB-4511-A093-373FB40283AA}.Release|x86.Deploy.0 = Release|x86
	EndGlobalSection
	GlobalSection(SolutionProperties) = preSolution
		HideSolutionNode = FALSE
	EndGlobalSection
	GlobalSection(ExtensibilityGlobals) = postSolution
		SolutionGuid = {F65B72D1-7163-41B7-B964-F865DB048032}
	EndGlobalSection
EndGlobal
